
Microsoft Visual Studio Solution File, Format Version 12.00
# Visual Studio Version 17
VisualStudioVersion = 17.4.33110.190
MinimumVisualStudioVersion = 10.0.40219.1
Project("{FAE04EC0-301F-11D3-BF4B-00C04F79EFBC}") = "AulaVisualStudio03", "AulaVisualStudio03\AulaVisualStudio03.csproj", "{153708F7-6C62-4C4D-AB60-4B4EC8B97CD1}"
EndProject
Global
	GlobalSection(SolutionConfigurationPlatforms) = preSolution
		Debug|Any CPU = Debug|Any CPU
		Release|Any CPU = Release|Any CPU
	EndGlobalSection
	GlobalSection(ProjectConfigurationPlatforms) = postSolution
		{153708F7-6C62-4C4D-AB60-4B4EC8B97CD1}.Debug|Any CPU.ActiveCfg = Debug|Any CPU
		{153708F7-6C62-4C4D-AB60-4B4EC8B97CD1}.Debug|Any CPU.Build.0 = Debug|Any CPU
		{153708F7-6C62-4C4D-AB60-4B4EC8B97CD1}.Release|Any CPU.ActiveCfg = Release|Any CPU
		{153708F7-6C62-4C4D-AB60-4B4EC8B97CD1}.Release|Any CPU.Build.0 = Release|Any CPU
	EndGlobalSection
	GlobalSection(SolutionProperties) = preSolution
		HideSolutionNode = FALSE
	EndGlobalSection
	GlobalSection(ExtensibilityGlobals) = postSolution
		SolutionGuid = {2D3A8FDF-3BD7-41AE-B791-4D34427BEF22}
	EndGlobalSection
EndGlobal
